
Microsoft Visual Studio Solution File, Format Version 12.00
# Visual Studio Version 16
VisualStudioVersion = 16.0.32228.343
MinimumVisualStudioVersion = 10.0.40219.1
Project("{FAE04EC0-301F-11D3-BF4B-00C04F79EFBC}") = "MVCSession1", "MVCSession1\MVCSession1.csproj", "{20BDF89D-CCC5-4A79-A26D-1259BA9D3066}"
EndProject
Global
	GlobalSection(SolutionConfigurationPlatforms) = preSolution
		Debug|Any CPU = Debug|Any CPU
		Release|Any CPU = Release|Any CPU
	EndGlobalSection
	GlobalSection(ProjectConfigurationPlatforms) = postSolution
		{20BDF89D-CCC5-4A79-A26D-1259BA9D3066}.Debug|Any CPU.ActiveCfg = Debug|Any CPU
		{20BDF89D-CCC5-4A79-A26D-1259BA9D3066}.Debug|Any CPU.Build.0 = Debug|Any CPU
		{20BDF89D-CCC5-4A79-A26D-1259BA9D3066}.Release|Any CPU.ActiveCfg = Release|Any CPU
		{20BDF89D-CCC5-4A79-A26D-1259BA9D3066}.Release|Any CPU.Build.0 = Release|Any CPU
	EndGlobalSection
	GlobalSection(SolutionProperties) = preSolution
		HideSolutionNode = FALSE
	EndGlobalSection
	GlobalSection(ExtensibilityGlobals) = postSolution
		SolutionGuid = {CE756569-A1AB-4673-A5AC-86E7B8713486}
	EndGlobalSection
EndGlobal
